
Microsoft Visual Studio Solution File, Format Version 12.00
# Visual Studio Version 17
VisualStudioVersion = 17.14.36623.8 d17.14
MinimumVisualStudioVersion = 10.0.40219.1
Project("{54A90642-561A-4BB1-A94E-469ADEE60C69}") = "prueba_indigo_jose.client", "prueba_indigo_jose.client\prueba_indigo_jose.client.esproj", "{BCAA4FD1-5565-4F00-6BD7-CC75699DF9E6}"
EndProject
Project("{FAE04EC0-301F-11D3-BF4B-00C04F79EFBC}") = "prueba_indigo_jose.Server", "prueba_indigo_jose.Server\prueba_indigo_jose.Server.csproj", "{98F7D1C6-8B49-4BA7-9931-1D442BF0A9BC}"
EndProject
Global
	GlobalSection(SolutionConfigurationPlatforms) = preSolution
		Debug|Any CPU = Debug|Any CPU
		Release|Any CPU = Release|Any CPU
	EndGlobalSection
	GlobalSection(ProjectConfigurationPlatforms) = postSolution
		{BCAA4FD1-5565-4F00-6BD7-CC75699DF9E6}.Debug|Any CPU.ActiveCfg = Debug|Any CPU
		{BCAA4FD1-5565-4F00-6BD7-CC75699DF9E6}.Debug|Any CPU.Build.0 = Debug|Any CPU
		{BCAA4FD1-5565-4F00-6BD7-CC75699DF9E6}.Debug|Any CPU.Deploy.0 = Debug|Any CPU
		{BCAA4FD1-5565-4F00-6BD7-CC75699DF9E6}.Release|Any CPU.ActiveCfg = Release|Any CPU
		{BCAA4FD1-5565-4F00-6BD7-CC75699DF9E6}.Release|Any CPU.Build.0 = Release|Any CPU
		{BCAA4FD1-5565-4F00-6BD7-CC75699DF9E6}.Release|Any CPU.Deploy.0 = Release|Any CPU
		{98F7D1C6-8B49-4BA7-9931-1D442BF0A9BC}.Debug|Any CPU.ActiveCfg = Debug|Any CPU
		{98F7D1C6-8B49-4BA7-9931-1D442BF0A9BC}.Debug|Any CPU.Build.0 = Debug|Any CPU
		{98F7D1C6-8B49-4BA7-9931-1D442BF0A9BC}.Release|Any CPU.ActiveCfg = Release|Any CPU
		{98F7D1C6-8B49-4BA7-9931-1D442BF0A9BC}.Release|Any CPU.Build.0 = Release|Any CPU
	EndGlobalSection
	GlobalSection(SolutionProperties) = preSolution
		HideSolutionNode = FALSE
	EndGlobalSection
	GlobalSection(ExtensibilityGlobals) = postSolution
		SolutionGuid = {66C99328-BF42-46D3-ACBB-F53F58135A1E}
	EndGlobalSection
EndGlobal
